
Microsoft Visual Studio Solution File, Format Version 12.00
# Visual Studio 15
VisualStudioVersion = 15.0.28307.757
MinimumVisualStudioVersion = 10.0.40219.1
Project("{888888A0-9F3D-457C-B088-3A5042F75D52}") = "hello_world", "hello_world\hello_world.pyproj", "{98628077-728D-4C7D-B3B7-3711C6B8C616}"
EndProject
Global
	GlobalSection(SolutionConfigurationPlatforms) = preSolution
		Debug|Any CPU = Debug|Any CPU
		Release|Any CPU = Release|Any CPU
	EndGlobalSection
	GlobalSection(ProjectConfigurationPlatforms) = postSolution
		{98628077-728D-4C7D-B3B7-3711C6B8C616}.Debug|Any CPU.ActiveCfg = Debug|Any CPU
		{98628077-728D-4C7D-B3B7-3711C6B8C616}.Release|Any CPU.ActiveCfg = Release|Any CPU
	EndGlobalSection
	GlobalSection(SolutionProperties) = preSolution
		HideSolutionNode = FALSE
	EndGlobalSection
	GlobalSection(ExtensibilityGlobals) = postSolution
		SolutionGuid = {109D56CE-592D-4651-8C17-8E452EAB8F95}
	EndGlobalSection
EndGlobal
